// !$*UTF8*$!
{
	archiveVersion = 1;
	classes = {
	};
	objectVersion = 50;
	objects = {

/* Begin PBXBuildFile section */
		DDF7567D22AA773D002E11D4 /* KeyValueObservation.framework in Frameworks */ = {isa = PBXBuildFile; fileRef = DDF7567322AA773D002E11D4 /* KeyValueObservation.framework */; };
		DDF7568222AA773D002E11D4 /* KeyValueObservationTests.m in Sources */ = {isa = PBXBuildFile; fileRef = DDF7568122AA773D002E11D4 /* KeyValueObservationTests.m */; };
		DDF7569922AA77B2002E11D4 /* SRDKeyValueObservedChange+Internal.h in Headers */ = {isa = PBXBuildFile; fileRef = DDF7568D22AA77B1002E11D4 /* SRDKeyValueObservedChange+Internal.h */; };
		DDF7569A22AA77B2002E11D4 /* SRDKeyValueObservation.m in Sources */ = {isa = PBXBuildFile; fileRef = DDF7568E22AA77B1002E11D4 /* SRDKeyValueObservation.m */; };
		DDF7569B22AA77B2002E11D4 /* SRDKeyValueObservation+Internal.h in Headers */ = {isa = PBXBuildFile; fileRef = DDF7568F22AA77B1002E11D4 /* SRDKeyValueObservation+Internal.h */; };
		DDF7569D22AA77B2002E11D4 /* SRDKeyValueObservedChange.m in Sources */ = {isa = PBXBuildFile; fileRef = DDF7569122AA77B1002E11D4 /* SRDKeyValueObservedChange.m */; };
		DDF7569F22AA77B2002E11D4 /* SRDKeyValueObservation.h in Headers */ = {isa = PBXBuildFile; fileRef = DDF7569322AA77B1002E11D4 /* SRDKeyValueObservation.h */; settings = {ATTRIBUTES = (Public, ); }; };
		DDF756A022AA77B2002E11D4 /* NSArray+KeyValueObservation.m in Sources */ = {isa = PBXBuildFile; fileRef = DDF7569422AA77B1002E11D4 /* NSArray+KeyValueObservation.m */; };
		DDF756A122AA77B2002E11D4 /* NSArray+KeyValueObservation.h in Headers */ = {isa = PBXBuildFile; fileRef = DDF7569522AA77B1002E11D4 /* NSArray+KeyValueObservation.h */; settings = {ATTRIBUTES = (Public, ); }; };
		DDF756A222AA77B2002E11D4 /* NSObject+KeyValueObservation.h in Headers */ = {isa = PBXBuildFile; fileRef = DDF7569622AA77B1002E11D4 /* NSObject+KeyValueObservation.h */; settings = {ATTRIBUTES = (Public, ); }; };
		DDF756A322AA77B2002E11D4 /* NSObject+KeyValueObservation.m in Sources */ = {isa = PBXBuildFile; fileRef = DDF7569722AA77B1002E11D4 /* NSObject+KeyValueObservation.m */; };
		DDF756A422AA77B2002E11D4 /* SRDKeyValueObservedChange.h in Headers */ = {isa = PBXBuildFile; fileRef = DDF7569822AA77B2002E11D4 /* SRDKeyValueObservedChange.h */; settings = {ATTRIBUTES = (Public, ); }; };
		DDF756BD22AA782D002E11D4 /* KeyValueObservation.framework in Frameworks */ = {isa = PBXBuildFile; fileRef = DDF756B422AA782D002E11D4 /* KeyValueObservation.framework */; };
		DDF756D922AA7841002E11D4 /* KeyValueObservation.framework in Frameworks */ = {isa = PBXBuildFile; fileRef = DDF756D022AA7841002E11D4 /* KeyValueObservation.framework */; };
		DDF756F522AA7BF8002E11D4 /* NSArray+KeyValueObservation.h in Headers */ = {isa = PBXBuildFile; fileRef = DDF7569522AA77B1002E11D4 /* NSArray+KeyValueObservation.h */; settings = {ATTRIBUTES = (Public, ); }; };
		DDF756F622AA7BF8002E11D4 /* NSObject+KeyValueObservation.h in Headers */ = {isa = PBXBuildFile; fileRef = DDF7569622AA77B1002E11D4 /* NSObject+KeyValueObservation.h */; settings = {ATTRIBUTES = (Public, ); }; };
		DDF756F722AA7BF8002E11D4 /* SRDKeyValueObservation.h in Headers */ = {isa = PBXBuildFile; fileRef = DDF7569322AA77B1002E11D4 /* SRDKeyValueObservation.h */; settings = {ATTRIBUTES = (Public, ); }; };
		DDF756F822AA7BF8002E11D4 /* SRDKeyValueObservedChange.h in Headers */ = {isa = PBXBuildFile; fileRef = DDF7569822AA77B2002E11D4 /* SRDKeyValueObservedChange.h */; settings = {ATTRIBUTES = (Public, ); }; };
		DDF756FA22AA7BFA002E11D4 /* NSArray+KeyValueObservation.h in Headers */ = {isa = PBXBuildFile; fileRef = DDF7569522AA77B1002E11D4 /* NSArray+KeyValueObservation.h */; settings = {ATTRIBUTES = (Public, ); }; };
		DDF756FB22AA7BFA002E11D4 /* NSObject+KeyValueObservation.h in Headers */ = {isa = PBXBuildFile; fileRef = DDF7569622AA77B1002E11D4 /* NSObject+KeyValueObservation.h */; settings = {ATTRIBUTES = (Public, ); }; };
		DDF756FC22AA7BFA002E11D4 /* SRDKeyValueObservation.h in Headers */ = {isa = PBXBuildFile; fileRef = DDF7569322AA77B1002E11D4 /* SRDKeyValueObservation.h */; settings = {ATTRIBUTES = (Public, ); }; };
		DDF756FD22AA7BFA002E11D4 /* SRDKeyValueObservedChange.h in Headers */ = {isa = PBXBuildFile; fileRef = DDF7569822AA77B2002E11D4 /* SRDKeyValueObservedChange.h */; settings = {ATTRIBUTES = (Public, ); }; };
		DDF756FF22AA7BFC002E11D4 /* NSArray+KeyValueObservation.h in Headers */ = {isa = PBXBuildFile; fileRef = DDF7569522AA77B1002E11D4 /* NSArray+KeyValueObservation.h */; settings = {ATTRIBUTES = (Public, ); }; };
		DDF7570022AA7BFC002E11D4 /* NSObject+KeyValueObservation.h in Headers */ = {isa = PBXBuildFile; fileRef = DDF7569622AA77B1002E11D4 /* NSObject+KeyValueObservation.h */; settings = {ATTRIBUTES = (Public, ); }; };
		DDF7570122AA7BFC002E11D4 /* SRDKeyValueObservation.h in Headers */ = {isa = PBXBuildFile; fileRef = DDF7569322AA77B1002E11D4 /* SRDKeyValueObservation.h */; settings = {ATTRIBUTES = (Public, ); }; };
		DDF7570222AA7BFC002E11D4 /* SRDKeyValueObservedChange.h in Headers */ = {isa = PBXBuildFile; fileRef = DDF7569822AA77B2002E11D4 /* SRDKeyValueObservedChange.h */; settings = {ATTRIBUTES = (Public, ); }; };
		DDF7570522AA7C34002E11D4 /* KeyValueObservation.h in Headers */ = {isa = PBXBuildFile; fileRef = DDF7570422AA7C34002E11D4 /* KeyValueObservation.h */; settings = {ATTRIBUTES = (Public, ); }; };
		DDF7570622AA7C34002E11D4 /* KeyValueObservation.h in Headers */ = {isa = PBXBuildFile; fileRef = DDF7570422AA7C34002E11D4 /* KeyValueObservation.h */; settings = {ATTRIBUTES = (Public, ); }; };
		DDF7570722AA7C34002E11D4 /* KeyValueObservation.h in Headers */ = {isa = PBXBuildFile; fileRef = DDF7570422AA7C34002E11D4 /* KeyValueObservation.h */; settings = {ATTRIBUTES = (Public, ); }; };
		DDF7570822AA7C34002E11D4 /* KeyValueObservation.h in Headers */ = {isa = PBXBuildFile; fileRef = DDF7570422AA7C34002E11D4 /* KeyValueObservation.h */; settings = {ATTRIBUTES = (Public, ); }; };
		DDF7570B22AA8686002E11D4 /* NSObject+KeyValueObservation.m in Sources */ = {isa = PBXBuildFile; fileRef = DDF7569722AA77B1002E11D4 /* NSObject+KeyValueObservation.m */; };
		DDF7570C22AA8686002E11D4 /* NSArray+KeyValueObservation.m in Sources */ = {isa = PBXBuildFile; fileRef = DDF7569422AA77B1002E11D4 /* NSArray+KeyValueObservation.m */; };
		DDF7570D22AA8686002E11D4 /* SRDKeyValueObservation.m in Sources */ = {isa = PBXBuildFile; fileRef = DDF7568E22AA77B1002E11D4 /* SRDKeyValueObservation.m */; };
		DDF7570E22AA8686002E11D4 /* SRDKeyValueObservedChange.m in Sources */ = {isa = PBXBuildFile; fileRef = DDF7569122AA77B1002E11D4 /* SRDKeyValueObservedChange.m */; };
		DDF7570F22AA8687002E11D4 /* NSObject+KeyValueObservation.m in Sources */ = {isa = PBXBuildFile; fileRef = DDF7569722AA77B1002E11D4 /* NSObject+KeyValueObservation.m */; };
		DDF7571022AA8687002E11D4 /* NSArray+KeyValueObservation.m in Sources */ = {isa = PBXBuildFile; fileRef = DDF7569422AA77B1002E11D4 /* NSArray+KeyValueObservation.m */; };
		DDF7571122AA8687002E11D4 /* SRDKeyValueObservation.m in Sources */ = {isa = PBXBuildFile; fileRef = DDF7568E22AA77B1002E11D4 /* SRDKeyValueObservation.m */; };
		DDF7571222AA8687002E11D4 /* SRDKeyValueObservedChange.m in Sources */ = {isa = PBXBuildFile; fileRef = DDF7569122AA77B1002E11D4 /* SRDKeyValueObservedChange.m */; };
		DDF7571322AA8688002E11D4 /* NSObject+KeyValueObservation.m in Sources */ = {isa = PBXBuildFile; fileRef = DDF7569722AA77B1002E11D4 /* NSObject+KeyValueObservation.m */; };
		DDF7571422AA8688002E11D4 /* NSArray+KeyValueObservation.m in Sources */ = {isa = PBXBuildFile; fileRef = DDF7569422AA77B1002E11D4 /* NSArray+KeyValueObservation.m */; };
		DDF7571522AA8688002E11D4 /* SRDKeyValueObservation.m in Sources */ = {isa = PBXBuildFile; fileRef = DDF7568E22AA77B1002E11D4 /* SRDKeyValueObservation.m */; };
		DDF7571622AA8688002E11D4 /* SRDKeyValueObservedChange.m in Sources */ = {isa = PBXBuildFile; fileRef = DDF7569122AA77B1002E11D4 /* SRDKeyValueObservedChange.m */; };
		DDF7571722AA8693002E11D4 /* KeyValueObservationTests.m in Sources */ = {isa = PBXBuildFile; fileRef = DDF7568122AA773D002E11D4 /* KeyValueObservationTests.m */; };
		DDF7571822AA8694002E11D4 /* KeyValueObservationTests.m in Sources */ = {isa = PBXBuildFile; fileRef = DDF7568122AA773D002E11D4 /* KeyValueObservationTests.m */; };
		DDF7572622AA8F27002E11D4 /* SRDKVOInfo.h in Headers */ = {isa = PBXBuildFile; fileRef = DDF7572422AA8F27002E11D4 /* SRDKVOInfo.h */; settings = {ATTRIBUTES = (Public, ); }; };
		DDF7572722AA8F27002E11D4 /* SRDKVOInfo.m in Sources */ = {isa = PBXBuildFile; fileRef = DDF7572522AA8F27002E11D4 /* SRDKVOInfo.m */; };
		DDF7572822AA8F2B002E11D4 /* SRDKVOInfo.h in Headers */ = {isa = PBXBuildFile; fileRef = DDF7572422AA8F27002E11D4 /* SRDKVOInfo.h */; settings = {ATTRIBUTES = (Public, ); }; };
		DDF7572922AA8F2D002E11D4 /* SRDKVOInfo.h in Headers */ = {isa = PBXBuildFile; fileRef = DDF7572422AA8F27002E11D4 /* SRDKVOInfo.h */; settings = {ATTRIBUTES = (Public, ); }; };
		DDF7572A22AA8F2F002E11D4 /* SRDKVOInfo.h in Headers */ = {isa = PBXBuildFile; fileRef = DDF7572422AA8F27002E11D4 /* SRDKVOInfo.h */; settings = {ATTRIBUTES = (Public, ); }; };
		DDF7572B22AA8F33002E11D4 /* SRDKVOInfo.m in Sources */ = {isa = PBXBuildFile; fileRef = DDF7572522AA8F27002E11D4 /* SRDKVOInfo.m */; };
		DDF7572C22AA8F34002E11D4 /* SRDKVOInfo.m in Sources */ = {isa = PBXBuildFile; fileRef = DDF7572522AA8F27002E11D4 /* SRDKVOInfo.m */; };
		DDF7572D22AA8F35002E11D4 /* SRDKVOInfo.m in Sources */ = {isa = PBXBuildFile; fileRef = DDF7572522AA8F27002E11D4 /* SRDKVOInfo.m */; };
/* End PBXBuildFile section */

/* Begin PBXContainerItemProxy section */
		DDF7567E22AA773D002E11D4 /* PBXContainerItemProxy */ = {
			isa = PBXContainerItemProxy;
			containerPortal = DDF7566A22AA773D002E11D4 /* Project object */;
			proxyType = 1;
			remoteGlobalIDString = DDF7567222AA773D002E11D4;
			remoteInfo = KeyValueObservation;
		};
		DDF756BE22AA782D002E11D4 /* PBXContainerItemProxy */ = {
			isa = PBXContainerItemProxy;
			containerPortal = DDF7566A22AA773D002E11D4 /* Project object */;
			proxyType = 1;
			remoteGlobalIDString = DDF756B322AA782D002E11D4;
			remoteInfo = "KeyValueObservation macOS";
		};
		DDF756DA22AA7841002E11D4 /* PBXContainerItemProxy */ = {
			isa = PBXContainerItemProxy;
			containerPortal = DDF7566A22AA773D002E11D4 /* Project object */;
			proxyType = 1;
			remoteGlobalIDString = DDF756CF22AA7841002E11D4;
			remoteInfo = "KeyValueObservation tvOS";
		};
/* End PBXContainerItemProxy section */

/* Begin PBXFileReference section */
		DDF7567322AA773D002E11D4 /* KeyValueObservation.framework */ = {isa = PBXFileReference; explicitFileType = wrapper.framework; includeInIndex = 0; path = KeyValueObservation.framework; sourceTree = BUILT_PRODUCTS_DIR; };
		DDF7567722AA773D002E11D4 /* Info.plist */ = {isa = PBXFileReference; lastKnownFileType = text.plist.xml; path = Info.plist; sourceTree = "<group>"; };
		DDF7567C22AA773D002E11D4 /* KeyValueObservationTests.xctest */ = {isa = PBXFileReference; explicitFileType = wrapper.cfbundle; includeInIndex = 0; path = KeyValueObservationTests.xctest; sourceTree = BUILT_PRODUCTS_DIR; };
		DDF7568122AA773D002E11D4 /* KeyValueObservationTests.m */ = {isa = PBXFileReference; lastKnownFileType = sourcecode.c.objc; path = KeyValueObservationTests.m; sourceTree = "<group>"; };
		DDF7568322AA773D002E11D4 /* Info.plist */ = {isa = PBXFileReference; lastKnownFileType = text.plist.xml; path = Info.plist; sourceTree = "<group>"; };
		DDF7568D22AA77B1002E11D4 /* SRDKeyValueObservedChange+Internal.h */ = {isa = PBXFileReference; fileEncoding = 4; lastKnownFileType = sourcecode.c.h; path = "SRDKeyValueObservedChange+Internal.h"; sourceTree = "<group>"; };
		DDF7568E22AA77B1002E11D4 /* SRDKeyValueObservation.m */ = {isa = PBXFileReference; fileEncoding = 4; lastKnownFileType = sourcecode.c.objc; path = SRDKeyValueObservation.m; sourceTree = "<group>"; };
		DDF7568F22AA77B1002E11D4 /* SRDKeyValueObservation+Internal.h */ = {isa = PBXFileReference; fileEncoding = 4; lastKnownFileType = sourcecode.c.h; path = "SRDKeyValueObservation+Internal.h"; sourceTree = "<group>"; };
		DDF7569122AA77B1002E11D4 /* SRDKeyValueObservedChange.m */ = {isa = PBXFileReference; fileEncoding = 4; lastKnownFileType = sourcecode.c.objc; path = SRDKeyValueObservedChange.m; sourceTree = "<group>"; };
		DDF7569322AA77B1002E11D4 /* SRDKeyValueObservation.h */ = {isa = PBXFileReference; fileEncoding = 4; lastKnownFileType = sourcecode.c.h; path = SRDKeyValueObservation.h; sourceTree = "<group>"; };
		DDF7569422AA77B1002E11D4 /* NSArray+KeyValueObservation.m */ = {isa = PBXFileReference; fileEncoding = 4; lastKnownFileType = sourcecode.c.objc; path = "NSArray+KeyValueObservation.m"; sourceTree = "<group>"; };
		DDF7569522AA77B1002E11D4 /* NSArray+KeyValueObservation.h */ = {isa = PBXFileReference; fileEncoding = 4; lastKnownFileType = sourcecode.c.h; path = "NSArray+KeyValueObservation.h"; sourceTree = "<group>"; };
		DDF7569622AA77B1002E11D4 /* NSObject+KeyValueObservation.h */ = {isa = PBXFileReference; fileEncoding = 4; lastKnownFileType = sourcecode.c.h; path = "NSObject+KeyValueObservation.h"; sourceTree = "<group>"; };
		DDF7569722AA77B1002E11D4 /* NSObject+KeyValueObservation.m */ = {isa = PBXFileReference; fileEncoding = 4; lastKnownFileType = sourcecode.c.objc; path = "NSObject+KeyValueObservation.m"; sourceTree = "<group>"; };
		DDF7569822AA77B2002E11D4 /* SRDKeyValueObservedChange.h */ = {isa = PBXFileReference; fileEncoding = 4; lastKnownFileType = sourcecode.c.h; path = SRDKeyValueObservedChange.h; sourceTree = "<group>"; };
		DDF756A722AA77DE002E11D4 /* README.md */ = {isa = PBXFileReference; fileEncoding = 4; lastKnownFileType = net.daringfireball.markdown; path = README.md; sourceTree = SOURCE_ROOT; };
		DDF756A822AA77DE002E11D4 /* KeyValueObservation.podspec */ = {isa = PBXFileReference; fileEncoding = 4; lastKnownFileType = text; path = KeyValueObservation.podspec; sourceTree = SOURCE_ROOT; };
		DDF756A922AA77DE002E11D4 /* LICENSE */ = {isa = PBXFileReference; fileEncoding = 4; lastKnownFileType = text; path = LICENSE; sourceTree = SOURCE_ROOT; };
		DDF756AD22AA77E9002E11D4 /* .travis.yml */ = {isa = PBXFileReference; lastKnownFileType = text; path = .travis.yml; sourceTree = SOURCE_ROOT; };
		DDF756B422AA782D002E11D4 /* KeyValueObservation.framework */ = {isa = PBXFileReference; explicitFileType = wrapper.framework; includeInIndex = 0; path = KeyValueObservation.framework; sourceTree = BUILT_PRODUCTS_DIR; };
		DDF756BC22AA782D002E11D4 /* KeyValueObservation macOS Tests.xctest */ = {isa = PBXFileReference; explicitFileType = wrapper.cfbundle; includeInIndex = 0; path = "KeyValueObservation macOS Tests.xctest"; sourceTree = BUILT_PRODUCTS_DIR; };
		DDF756D022AA7841002E11D4 /* KeyValueObservation.framework */ = {isa = PBXFileReference; explicitFileType = wrapper.framework; includeInIndex = 0; path = KeyValueObservation.framework; sourceTree = BUILT_PRODUCTS_DIR; };
		DDF756D822AA7841002E11D4 /* KeyValueObservation tvOS Tests.xctest */ = {isa = PBXFileReference; explicitFileType = wrapper.cfbundle; includeInIndex = 0; path = "KeyValueObservation tvOS Tests.xctest"; sourceTree = BUILT_PRODUCTS_DIR; };
		DDF756EC22AA7854002E11D4 /* KeyValueObservation.framework */ = {isa = PBXFileReference; explicitFileType = wrapper.framework; includeInIndex = 0; path = KeyValueObservation.framework; sourceTree = BUILT_PRODUCTS_DIR; };
		DDF756F422AA7B6E002E11D4 /* KeyValueObservation.modulemap */ = {isa = PBXFileReference; lastKnownFileType = "sourcecode.module-map"; path = KeyValueObservation.modulemap; sourceTree = SOURCE_ROOT; };
		DDF7570422AA7C34002E11D4 /* KeyValueObservation.h */ = {isa = PBXFileReference; lastKnownFileType = sourcecode.c.h; path = KeyValueObservation.h; sourceTree = "<group>"; };
		DDF7572422AA8F27002E11D4 /* SRDKVOInfo.h */ = {isa = PBXFileReference; fileEncoding = 4; lastKnownFileType = sourcecode.c.h; path = SRDKVOInfo.h; sourceTree = "<group>"; };
		DDF7572522AA8F27002E11D4 /* SRDKVOInfo.m */ = {isa = PBXFileReference; fileEncoding = 4; lastKnownFileType = sourcecode.c.objc; path = SRDKVOInfo.m; sourceTree = "<group>"; };
/* End PBXFileReference section */

/* Begin PBXFrameworksBuildPhase section */
		DDF7567022AA773D002E11D4 /* Frameworks */ = {
			isa = PBXFrameworksBuildPhase;
			buildActionMask = 2147483647;
			files = (
			);
			runOnlyForDeploymentPostprocessing = 0;
		};
		DDF7567922AA773D002E11D4 /* Frameworks */ = {
			isa = PBXFrameworksBuildPhase;
			buildActionMask = 2147483647;
			files = (
				DDF7567D22AA773D002E11D4 /* KeyValueObservation.framework in Frameworks */,
			);
			runOnlyForDeploymentPostprocessing = 0;
		};
		DDF756B122AA782D002E11D4 /* Frameworks */ = {
			isa = PBXFrameworksBuildPhase;
			buildActionMask = 2147483647;
			files = (
			);
			runOnlyForDeploymentPostprocessing = 0;
		};
		DDF756B922AA782D002E11D4 /* Frameworks */ = {
			isa = PBXFrameworksBuildPhase;
			buildActionMask = 2147483647;
			files = (
				DDF756BD22AA782D002E11D4 /* KeyValueObservation.framework in Frameworks */,
			);
			runOnlyForDeploymentPostprocessing = 0;
		};
		DDF756CD22AA7841002E11D4 /* Frameworks */ = {
			isa = PBXFrameworksBuildPhase;
			buildActionMask = 2147483647;
			files = (
			);
			runOnlyForDeploymentPostprocessing = 0;
		};
		DDF756D522AA7841002E11D4 /* Frameworks */ = {
			isa = PBXFrameworksBuildPhase;
			buildActionMask = 2147483647;
			files = (
				DDF756D922AA7841002E11D4 /* KeyValueObservation.framework in Frameworks */,
			);
			runOnlyForDeploymentPostprocessing = 0;
		};
		DDF756E922AA7854002E11D4 /* Frameworks */ = {
			isa = PBXFrameworksBuildPhase;
			buildActionMask = 2147483647;
			files = (
			);
			runOnlyForDeploymentPostprocessing = 0;
		};
/* End PBXFrameworksBuildPhase section */

/* Begin PBXGroup section */
		DDF7566922AA773D002E11D4 = {
			isa = PBXGroup;
			children = (
				DDF7567522AA773D002E11D4 /* KeyValueObservation */,
				DDF7568022AA773D002E11D4 /* KeyValueObservationTests */,
				DDF7567422AA773D002E11D4 /* Products */,
			);
			sourceTree = "<group>";
		};
		DDF7567422AA773D002E11D4 /* Products */ = {
			isa = PBXGroup;
			children = (
				DDF7567322AA773D002E11D4 /* KeyValueObservation.framework */,
				DDF7567C22AA773D002E11D4 /* KeyValueObservationTests.xctest */,
				DDF756B422AA782D002E11D4 /* KeyValueObservation.framework */,
				DDF756BC22AA782D002E11D4 /* KeyValueObservation macOS Tests.xctest */,
				DDF756D022AA7841002E11D4 /* KeyValueObservation.framework */,
				DDF756D822AA7841002E11D4 /* KeyValueObservation tvOS Tests.xctest */,
				DDF756EC22AA7854002E11D4 /* KeyValueObservation.framework */,
			);
			name = Products;
			sourceTree = "<group>";
		};
		DDF7567522AA773D002E11D4 /* KeyValueObservation */ = {
			isa = PBXGroup;
			children = (
				DDF756A522AA77B6002E11D4 /* Sources */,
				DDF756A622AA77C1002E11D4 /* Supporting Files */,
			);
			path = KeyValueObservation;
			sourceTree = "<group>";
		};
		DDF7568022AA773D002E11D4 /* KeyValueObservationTests */ = {
			isa = PBXGroup;
			children = (
				DDF7568122AA773D002E11D4 /* KeyValueObservationTests.m */,
				DDF7568322AA773D002E11D4 /* Info.plist */,
			);
			path = KeyValueObservationTests;
			sourceTree = "<group>";
		};
		DDF756A522AA77B6002E11D4 /* Sources */ = {
			isa = PBXGroup;
			children = (
				DDF7569622AA77B1002E11D4 /* NSObject+KeyValueObservation.h */,
				DDF7569722AA77B1002E11D4 /* NSObject+KeyValueObservation.m */,
				DDF7569522AA77B1002E11D4 /* NSArray+KeyValueObservation.h */,
				DDF7569422AA77B1002E11D4 /* NSArray+KeyValueObservation.m */,
				DDF7569322AA77B1002E11D4 /* SRDKeyValueObservation.h */,
				DDF7568F22AA77B1002E11D4 /* SRDKeyValueObservation+Internal.h */,
				DDF7568E22AA77B1002E11D4 /* SRDKeyValueObservation.m */,
				DDF7569822AA77B2002E11D4 /* SRDKeyValueObservedChange.h */,
				DDF7568D22AA77B1002E11D4 /* SRDKeyValueObservedChange+Internal.h */,
				DDF7569122AA77B1002E11D4 /* SRDKeyValueObservedChange.m */,
				DDF7572422AA8F27002E11D4 /* SRDKVOInfo.h */,
				DDF7572522AA8F27002E11D4 /* SRDKVOInfo.m */,
			);
			name = Sources;
			sourceTree = "<group>";
		};
		DDF756A622AA77C1002E11D4 /* Supporting Files */ = {
			isa = PBXGroup;
			children = (
				DDF756F422AA7B6E002E11D4 /* KeyValueObservation.modulemap */,
				DDF756A822AA77DE002E11D4 /* KeyValueObservation.podspec */,
				DDF7570422AA7C34002E11D4 /* KeyValueObservation.h */,
				DDF756AD22AA77E9002E11D4 /* .travis.yml */,
				DDF756A722AA77DE002E11D4 /* README.md */,
				DDF756A922AA77DE002E11D4 /* LICENSE */,
				DDF7567722AA773D002E11D4 /* Info.plist */,
			);
			name = "Supporting Files";
			sourceTree = "<group>";
		};
/* End PBXGroup section */

/* Begin PBXHeadersBuildPhase section */
		DDF7566E22AA773D002E11D4 /* Headers */ = {
			isa = PBXHeadersBuildPhase;
			buildActionMask = 2147483647;
			files = (
				DDF756A422AA77B2002E11D4 /* SRDKeyValueObservedChange.h in Headers */,
				DDF756A222AA77B2002E11D4 /* NSObject+KeyValueObservation.h in Headers */,
				DDF7569F22AA77B2002E11D4 /* SRDKeyValueObservation.h in Headers */,
				DDF756A122AA77B2002E11D4 /* NSArray+KeyValueObservation.h in Headers */,
				DDF7570522AA7C34002E11D4 /* KeyValueObservation.h in Headers */,
				DDF7569B22AA77B2002E11D4 /* SRDKeyValueObservation+Internal.h in Headers */,
				DDF7569922AA77B2002E11D4 /* SRDKeyValueObservedChange+Internal.h in Headers */,
				DDF7572622AA8F27002E11D4 /* SRDKVOInfo.h in Headers */,
			);
			runOnlyForDeploymentPostprocessing = 0;
		};
		DDF756AF22AA782D002E11D4 /* Headers */ = {
			isa = PBXHeadersBuildPhase;
			buildActionMask = 2147483647;
			files = (
				DDF756F822AA7BF8002E11D4 /* SRDKeyValueObservedChange.h in Headers */,
				DDF756F522AA7BF8002E11D4 /* NSArray+KeyValueObservation.h in Headers */,
				DDF756F622AA7BF8002E11D4 /* NSObject+KeyValueObservation.h in Headers */,
				DDF7572822AA8F2B002E11D4 /* SRDKVOInfo.h in Headers */,
				DDF756F722AA7BF8002E11D4 /* SRDKeyValueObservation.h in Headers */,
				DDF7570622AA7C34002E11D4 /* KeyValueObservation.h in Headers */,
			);
			runOnlyForDeploymentPostprocessing = 0;
		};
		DDF756CB22AA7841002E11D4 /* Headers */ = {
			isa = PBXHeadersBuildPhase;
			buildActionMask = 2147483647;
			files = (
				DDF756FD22AA7BFA002E11D4 /* SRDKeyValueObservedChange.h in Headers */,
				DDF756FA22AA7BFA002E11D4 /* NSArray+KeyValueObservation.h in Headers */,
				DDF756FB22AA7BFA002E11D4 /* NSObject+KeyValueObservation.h in Headers */,
				DDF7572922AA8F2D002E11D4 /* SRDKVOInfo.h in Headers */,
				DDF756FC22AA7BFA002E11D4 /* SRDKeyValueObservation.h in Headers */,
				DDF7570722AA7C34002E11D4 /* KeyValueObservation.h in Headers */,
			);
			runOnlyForDeploymentPostprocessing = 0;
		};
		DDF756E722AA7854002E11D4 /* Headers */ = {
			isa = PBXHeadersBuildPhase;
			buildActionMask = 2147483647;
			files = (
				DDF7570222AA7BFC002E11D4 /* SRDKeyValueObservedChange.h in Headers */,
				DDF756FF22AA7BFC002E11D4 /* NSArray+KeyValueObservation.h in Headers */,
				DDF7570022AA7BFC002E11D4 /* NSObject+KeyValueObservation.h in Headers */,
				DDF7572A22AA8F2F002E11D4 /* SRDKVOInfo.h in Headers */,
				DDF7570122AA7BFC002E11D4 /* SRDKeyValueObservation.h in Headers */,
				DDF7570822AA7C34002E11D4 /* KeyValueObservation.h in Headers */,
			);
			runOnlyForDeploymentPostprocessing = 0;
		};
/* End PBXHeadersBuildPhase section */

/* Begin PBXNativeTarget section */
		DDF7567222AA773D002E11D4 /* KeyValueObservation */ = {
			isa = PBXNativeTarget;
			buildConfigurationList = DDF7568722AA773D002E11D4 /* Build configuration list for PBXNativeTarget "KeyValueObservation" */;
			buildPhases = (
				DDF7566E22AA773D002E11D4 /* Headers */,
				DDF7566F22AA773D002E11D4 /* Sources */,
				DDF7567022AA773D002E11D4 /* Frameworks */,
				DDF7567122AA773D002E11D4 /* Resources */,
			);
			buildRules = (
			);
			dependencies = (
			);
			name = KeyValueObservation;
			productName = KeyValueObservation;
			productReference = DDF7567322AA773D002E11D4 /* KeyValueObservation.framework */;
			productType = "com.apple.product-type.framework";
		};
		DDF7567B22AA773D002E11D4 /* KeyValueObservationTests */ = {
			isa = PBXNativeTarget;
			buildConfigurationList = DDF7568A22AA773D002E11D4 /* Build configuration list for PBXNativeTarget "KeyValueObservationTests" */;
			buildPhases = (
				DDF7567822AA773D002E11D4 /* Sources */,
				DDF7567922AA773D002E11D4 /* Frameworks */,
				DDF7567A22AA773D002E11D4 /* Resources */,
			);
			buildRules = (
			);
			dependencies = (
				DDF7567F22AA773D002E11D4 /* PBXTargetDependency */,
			);
			name = KeyValueObservationTests;
			productName = KeyValueObservationTests;
			productReference = DDF7567C22AA773D002E11D4 /* KeyValueObservationTests.xctest */;
			productType = "com.apple.product-type.bundle.unit-test";
		};
		DDF756B322AA782D002E11D4 /* KeyValueObservation macOS */ = {
			isa = PBXNativeTarget;
			buildConfigurationList = DDF756C522AA782D002E11D4 /* Build configuration list for PBXNativeTarget "KeyValueObservation macOS" */;
			buildPhases = (
				DDF756AF22AA782D002E11D4 /* Headers */,
				DDF756B022AA782D002E11D4 /* Sources */,
				DDF756B122AA782D002E11D4 /* Frameworks */,
				DDF756B222AA782D002E11D4 /* Resources */,
			);
			buildRules = (
			);
			dependencies = (
			);
			name = "KeyValueObservation macOS";
			productName = "KeyValueObservation macOS";
			productReference = DDF756B422AA782D002E11D4 /* KeyValueObservation.framework */;
			productType = "com.apple.product-type.framework";
		};
		DDF756BB22AA782D002E11D4 /* KeyValueObservation macOS Tests */ = {
			isa = PBXNativeTarget;
			buildConfigurationList = DDF756C822AA782D002E11D4 /* Build configuration list for PBXNativeTarget "KeyValueObservation macOS Tests" */;
			buildPhases = (
				DDF756B822AA782D002E11D4 /* Sources */,
				DDF756B922AA782D002E11D4 /* Frameworks */,
				DDF756BA22AA782D002E11D4 /* Resources */,
			);
			buildRules = (
			);
			dependencies = (
				DDF756BF22AA782D002E11D4 /* PBXTargetDependency */,
			);
			name = "KeyValueObservation macOS Tests";
			productName = "KeyValueObservation macOSTests";
			productReference = DDF756BC22AA782D002E11D4 /* KeyValueObservation macOS Tests.xctest */;
			productType = "com.apple.product-type.bundle.unit-test";
		};
		DDF756CF22AA7841002E11D4 /* KeyValueObservation tvOS */ = {
			isa = PBXNativeTarget;
			buildConfigurationList = DDF756E122AA7841002E11D4 /* Build configuration list for PBXNativeTarget "KeyValueObservation tvOS" */;
			buildPhases = (
				DDF756CB22AA7841002E11D4 /* Headers */,
				DDF756CC22AA7841002E11D4 /* Sources */,
				DDF756CD22AA7841002E11D4 /* Frameworks */,
				DDF756CE22AA7841002E11D4 /* Resources */,
			);
			buildRules = (
			);
			dependencies = (
			);
			name = "KeyValueObservation tvOS";
			productName = "KeyValueObservation tvOS";
			productReference = DDF756D022AA7841002E11D4 /* KeyValueObservation.framework */;
			productType = "com.apple.product-type.framework";
		};
		DDF756D722AA7841002E11D4 /* KeyValueObservation tvOS Tests */ = {
			isa = PBXNativeTarget;
			buildConfigurationList = DDF756E422AA7841002E11D4 /* Build configuration list for PBXNativeTarget "KeyValueObservation tvOS Tests" */;
			buildPhases = (
				DDF756D422AA7841002E11D4 /* Sources */,
				DDF756D522AA7841002E11D4 /* Frameworks */,
				DDF756D622AA7841002E11D4 /* Resources */,
			);
			buildRules = (
			);
			dependencies = (
				DDF756DB22AA7841002E11D4 /* PBXTargetDependency */,
			);
			name = "KeyValueObservation tvOS Tests";
			productName = "KeyValueObservation tvOSTests";
			productReference = DDF756D822AA7841002E11D4 /* KeyValueObservation tvOS Tests.xctest */;
			productType = "com.apple.product-type.bundle.unit-test";
		};
		DDF756EB22AA7854002E11D4 /* KeyValueObservation watchOS */ = {
			isa = PBXNativeTarget;
			buildConfigurationList = DDF756F122AA7854002E11D4 /* Build configuration list for PBXNativeTarget "KeyValueObservation watchOS" */;
			buildPhases = (
				DDF756E722AA7854002E11D4 /* Headers */,
				DDF756E822AA7854002E11D4 /* Sources */,
				DDF756E922AA7854002E11D4 /* Frameworks */,
				DDF756EA22AA7854002E11D4 /* Resources */,
			);
			buildRules = (
			);
			dependencies = (
			);
			name = "KeyValueObservation watchOS";
			productName = "KeyValueObservation watchOS";
			productReference = DDF756EC22AA7854002E11D4 /* KeyValueObservation.framework */;
			productType = "com.apple.product-type.framework";
		};
/* End PBXNativeTarget section */

/* Begin PBXProject section */
		DDF7566A22AA773D002E11D4 /* Project object */ = {
			isa = PBXProject;
			attributes = {
				LastUpgradeCheck = 1020;
				ORGANIZATIONNAME = "Some Random iOS Dev";
				TargetAttributes = {
					DDF7567222AA773D002E11D4 = {
						CreatedOnToolsVersion = 10.2.1;
					};
					DDF7567B22AA773D002E11D4 = {
						CreatedOnToolsVersion = 10.2.1;
					};
					DDF756B322AA782D002E11D4 = {
						CreatedOnToolsVersion = 10.2.1;
					};
					DDF756BB22AA782D002E11D4 = {
						CreatedOnToolsVersion = 10.2.1;
					};
					DDF756CF22AA7841002E11D4 = {
						CreatedOnToolsVersion = 10.2.1;
					};
					DDF756D722AA7841002E11D4 = {
						CreatedOnToolsVersion = 10.2.1;
					};
					DDF756EB22AA7854002E11D4 = {
						CreatedOnToolsVersion = 10.2.1;
					};
				};
			};
			buildConfigurationList = DDF7566D22AA773D002E11D4 /* Build configuration list for PBXProject "KeyValueObservation" */;
			compatibilityVersion = "Xcode 9.3";
			developmentRegion = en;
			hasScannedForEncodings = 0;
			knownRegions = (
				en,
			);
			mainGroup = DDF7566922AA773D002E11D4;
			productRefGroup = DDF7567422AA773D002E11D4 /* Products */;
			projectDirPath = "";
			projectRoot = "";
			targets = (
				DDF7567222AA773D002E11D4 /* KeyValueObservation */,
				DDF7567B22AA773D002E11D4 /* KeyValueObservationTests */,
				DDF756B322AA782D002E11D4 /* KeyValueObservation macOS */,
				DDF756BB22AA782D002E11D4 /* KeyValueObservation macOS Tests */,
				DDF756CF22AA7841002E11D4 /* KeyValueObservation tvOS */,
				DDF756D722AA7841002E11D4 /* KeyValueObservation tvOS Tests */,
				DDF756EB22AA7854002E11D4 /* KeyValueObservation watchOS */,
			);
		};
/* End PBXProject section */

/* Begin PBXResourcesBuildPhase section */
		DDF7567122AA773D002E11D4 /* Resources */ = {
			isa = PBXResourcesBuildPhase;
			buildActionMask = 2147483647;
			files = (
			);
			runOnlyForDeploymentPostprocessing = 0;
		};
		DDF7567A22AA773D002E11D4 /* Resources */ = {
			isa = PBXResourcesBuildPhase;
			buildActionMask = 2147483647;
			files = (
			);
			runOnlyForDeploymentPostprocessing = 0;
		};
		DDF756B222AA782D002E11D4 /* Resources */ = {
			isa = PBXResourcesBuildPhase;
			buildActionMask = 2147483647;
			files = (
			);
			runOnlyForDeploymentPostprocessing = 0;
		};
		DDF756BA22AA782D002E11D4 /* Resources */ = {
			isa = PBXResourcesBuildPhase;
			buildActionMask = 2147483647;
			files = (
			);
			runOnlyForDeploymentPostprocessing = 0;
		};
		DDF756CE22AA7841002E11D4 /* Resources */ = {
			isa = PBXResourcesBuildPhase;
			buildActionMask = 2147483647;
			files = (
			);
			runOnlyForDeploymentPostprocessing = 0;
		};
		DDF756D622AA7841002E11D4 /* Resources */ = {
			isa = PBXResourcesBuildPhase;
			buildActionMask = 2147483647;
			files = (
			);
			runOnlyForDeploymentPostprocessing = 0;
		};
		DDF756EA22AA7854002E11D4 /* Resources */ = {
			isa = PBXResourcesBuildPhase;
			buildActionMask = 2147483647;
			files = (
			);
			runOnlyForDeploymentPostprocessing = 0;
		};
/* End PBXResourcesBuildPhase section */

/* Begin PBXSourcesBuildPhase section */
		DDF7566F22AA773D002E11D4 /* Sources */ = {
			isa = PBXSourcesBuildPhase;
			buildActionMask = 2147483647;
			files = (
				DDF756A322AA77B2002E11D4 /* NSObject+KeyValueObservation.m in Sources */,
				DDF7572722AA8F27002E11D4 /* SRDKVOInfo.m in Sources */,
				DDF7569A22AA77B2002E11D4 /* SRDKeyValueObservation.m in Sources */,
				DDF756A022AA77B2002E11D4 /* NSArray+KeyValueObservation.m in Sources */,
				DDF7569D22AA77B2002E11D4 /* SRDKeyValueObservedChange.m in Sources */,
			);
			runOnlyForDeploymentPostprocessing = 0;
		};
		DDF7567822AA773D002E11D4 /* Sources */ = {
			isa = PBXSourcesBuildPhase;
			buildActionMask = 2147483647;
			files = (
				DDF7568222AA773D002E11D4 /* KeyValueObservationTests.m in Sources */,
			);
			runOnlyForDeploymentPostprocessing = 0;
		};
		DDF756B022AA782D002E11D4 /* Sources */ = {
			isa = PBXSourcesBuildPhase;
			buildActionMask = 2147483647;
			files = (
				DDF7570D22AA8686002E11D4 /* SRDKeyValueObservation.m in Sources */,
				DDF7572B22AA8F33002E11D4 /* SRDKVOInfo.m in Sources */,
				DDF7570E22AA8686002E11D4 /* SRDKeyValueObservedChange.m in Sources */,
				DDF7570B22AA8686002E11D4 /* NSObject+KeyValueObservation.m in Sources */,
				DDF7570C22AA8686002E11D4 /* NSArray+KeyValueObservation.m in Sources */,
			);
			runOnlyForDeploymentPostprocessing = 0;
		};
		DDF756B822AA782D002E11D4 /* Sources */ = {
			isa = PBXSourcesBuildPhase;
			buildActionMask = 2147483647;
			files = (
				DDF7571722AA8693002E11D4 /* KeyValueObservationTests.m in Sources */,
			);
			runOnlyForDeploymentPostprocessing = 0;
		};
		DDF756CC22AA7841002E11D4 /* Sources */ = {
			isa = PBXSourcesBuildPhase;
			buildActionMask = 2147483647;
			files = (
				DDF7571122AA8687002E11D4 /* SRDKeyValueObservation.m in Sources */,
				DDF7572C22AA8F34002E11D4 /* SRDKVOInfo.m in Sources */,
				DDF7571222AA8687002E11D4 /* SRDKeyValueObservedChange.m in Sources */,
				DDF7570F22AA8687002E11D4 /* NSObject+KeyValueObservation.m in Sources */,
				DDF7571022AA8687002E11D4 /* NSArray+KeyValueObservation.m in Sources */,
			);
			runOnlyForDeploymentPostprocessing = 0;
		};
		DDF756D422AA7841002E11D4 /* Sources */ = {
			isa = PBXSourcesBuildPhase;
			buildActionMask = 2147483647;
			files = (
				DDF7571822AA8694002E11D4 /* KeyValueObservationTests.m in Sources */,
			);
			runOnlyForDeploymentPostprocessing = 0;
		};
		DDF756E822AA7854002E11D4 /* Sources */ = {
			isa = PBXSourcesBuildPhase;
			buildActionMask = 2147483647;
			files = (
				DDF7571522AA8688002E11D4 /* SRDKeyValueObservation.m in Sources */,
				DDF7572D22AA8F35002E11D4 /* SRDKVOInfo.m in Sources */,
				DDF7571622AA8688002E11D4 /* SRDKeyValueObservedChange.m in Sources */,
				DDF7571322AA8688002E11D4 /* NSObject+KeyValueObservation.m in Sources */,
				DDF7571422AA8688002E11D4 /* NSArray+KeyValueObservation.m in Sources */,
			);
			runOnlyForDeploymentPostprocessing = 0;
		};
/* End PBXSourcesBuildPhase section */

/* Begin PBXTargetDependency section */
		DDF7567F22AA773D002E11D4 /* PBXTargetDependency */ = {
			isa = PBXTargetDependency;
			target = DDF7567222AA773D002E11D4 /* KeyValueObservation */;
			targetProxy = DDF7567E22AA773D002E11D4 /* PBXContainerItemProxy */;
		};
		DDF756BF22AA782D002E11D4 /* PBXTargetDependency */ = {
			isa = PBXTargetDependency;
			target = DDF756B322AA782D002E11D4 /* KeyValueObservation macOS */;
			targetProxy = DDF756BE22AA782D002E11D4 /* PBXContainerItemProxy */;
		};
		DDF756DB22AA7841002E11D4 /* PBXTargetDependency */ = {
			isa = PBXTargetDependency;
			target = DDF756CF22AA7841002E11D4 /* KeyValueObservation tvOS */;
			targetProxy = DDF756DA22AA7841002E11D4 /* PBXContainerItemProxy */;
		};
/* End PBXTargetDependency section */

/* Begin XCBuildConfiguration section */
		DDF7568522AA773D002E11D4 /* Debug */ = {
			isa = XCBuildConfiguration;
			buildSettings = {
				ALWAYS_SEARCH_USER_PATHS = NO;
				CLANG_ANALYZER_NONNULL = YES;
				CLANG_ANALYZER_NUMBER_OBJECT_CONVERSION = YES_AGGRESSIVE;
				CLANG_CXX_LANGUAGE_STANDARD = "gnu++14";
				CLANG_CXX_LIBRARY = "libc++";
				CLANG_ENABLE_MODULES = YES;
				CLANG_ENABLE_OBJC_ARC = YES;
				CLANG_ENABLE_OBJC_WEAK = YES;
				CLANG_WARN_BLOCK_CAPTURE_AUTORELEASING = YES;
				CLANG_WARN_BOOL_CONVERSION = YES;
				CLANG_WARN_COMMA = YES;
				CLANG_WARN_CONSTANT_CONVERSION = YES;
				CLANG_WARN_DEPRECATED_OBJC_IMPLEMENTATIONS = YES;
				CLANG_WARN_DIRECT_OBJC_ISA_USAGE = YES_ERROR;
				CLANG_WARN_DOCUMENTATION_COMMENTS = YES;
				CLANG_WARN_EMPTY_BODY = YES;
				CLANG_WARN_ENUM_CONVERSION = YES;
				CLANG_WARN_INFINITE_RECURSION = YES;
				CLANG_WARN_INT_CONVERSION = YES;
				CLANG_WARN_NON_LITERAL_NULL_CONVERSION = YES;
				CLANG_WARN_OBJC_IMPLICIT_RETAIN_SELF = YES;
				CLANG_WARN_OBJC_LITERAL_CONVERSION = YES;
				CLANG_WARN_OBJC_ROOT_CLASS = YES_ERROR;
				CLANG_WARN_RANGE_LOOP_ANALYSIS = YES;
				CLANG_WARN_STRICT_PROTOTYPES = YES;
				CLANG_WARN_SUSPICIOUS_MOVE = YES;
				CLANG_WARN_UNGUARDED_AVAILABILITY = YES_AGGRESSIVE;
				CLANG_WARN_UNREACHABLE_CODE = YES;
				CLANG_WARN__DUPLICATE_METHOD_MATCH = YES;
				CODE_SIGN_IDENTITY = "iPhone Developer";
				COPY_PHASE_STRIP = NO;
				CURRENT_PROJECT_VERSION = 1;
				DEBUG_INFORMATION_FORMAT = dwarf;
				ENABLE_STRICT_OBJC_MSGSEND = YES;
				ENABLE_TESTABILITY = YES;
				GCC_C_LANGUAGE_STANDARD = gnu11;
				GCC_DYNAMIC_NO_PIC = NO;
				GCC_NO_COMMON_BLOCKS = YES;
				GCC_OPTIMIZATION_LEVEL = 0;
				GCC_PREPROCESSOR_DEFINITIONS = (
					"DEBUG=1",
					"$(inherited)",
				);
				GCC_WARN_64_TO_32_BIT_CONVERSION = YES;
				GCC_WARN_ABOUT_RETURN_TYPE = YES_ERROR;
				GCC_WARN_UNDECLARED_SELECTOR = YES;
				GCC_WARN_UNINITIALIZED_AUTOS = YES_AGGRESSIVE;
				GCC_WARN_UNUSED_FUNCTION = YES;
				GCC_WARN_UNUSED_VARIABLE = YES;
				IPHONEOS_DEPLOYMENT_TARGET = 8.0;
				MACOSX_DEPLOYMENT_TARGET = 10.10;
				MTL_ENABLE_DEBUG_INFO = INCLUDE_SOURCE;
				MTL_FAST_MATH = YES;
				ONLY_ACTIVE_ARCH = YES;
				SDKROOT = iphoneos;
				TVOS_DEPLOYMENT_TARGET = 9.0;
				VERSIONING_SYSTEM = "apple-generic";
				VERSION_INFO_PREFIX = "";
				WATCHOS_DEPLOYMENT_TARGET = 2.0;
			};
			name = Debug;
		};
		DDF7568622AA773D002E11D4 /* Release */ = {
			isa = XCBuildConfiguration;
			buildSettings = {
				ALWAYS_SEARCH_USER_PATHS = NO;
				CLANG_ANALYZER_NONNULL = YES;
				CLANG_ANALYZER_NUMBER_OBJECT_CONVERSION = YES_AGGRESSIVE;
				CLANG_CXX_LANGUAGE_STANDARD = "gnu++14";
				CLANG_CXX_LIBRARY = "libc++";
				CLANG_ENABLE_MODULES = YES;
				CLANG_ENABLE_OBJC_ARC = YES;
				CLANG_ENABLE_OBJC_WEAK = YES;
				CLANG_WARN_BLOCK_CAPTURE_AUTORELEASING = YES;
				CLANG_WARN_BOOL_CONVERSION = YES;
				CLANG_WARN_COMMA = YES;
				CLANG_WARN_CONSTANT_CONVERSION = YES;
				CLANG_WARN_DEPRECATED_OBJC_IMPLEMENTATIONS = YES;
				CLANG_WARN_DIRECT_OBJC_ISA_USAGE = YES_ERROR;
				CLANG_WARN_DOCUMENTATION_COMMENTS = YES;
				CLANG_WARN_EMPTY_BODY = YES;
				CLANG_WARN_ENUM_CONVERSION = YES;
				CLANG_WARN_INFINITE_RECURSION = YES;
				CLANG_WARN_INT_CONVERSION = YES;
				CLANG_WARN_NON_LITERAL_NULL_CONVERSION = YES;
				CLANG_WARN_OBJC_IMPLICIT_RETAIN_SELF = YES;
				CLANG_WARN_OBJC_LITERAL_CONVERSION = YES;
				CLANG_WARN_OBJC_ROOT_CLASS = YES_ERROR;
				CLANG_WARN_RANGE_LOOP_ANALYSIS = YES;
				CLANG_WARN_STRICT_PROTOTYPES = YES;
				CLANG_WARN_SUSPICIOUS_MOVE = YES;
				CLANG_WARN_UNGUARDED_AVAILABILITY = YES_AGGRESSIVE;
				CLANG_WARN_UNREACHABLE_CODE = YES;
				CLANG_WARN__DUPLICATE_METHOD_MATCH = YES;
				CODE_SIGN_IDENTITY = "iPhone Developer";
				COPY_PHASE_STRIP = NO;
				CURRENT_PROJECT_VERSION = 1;
				DEBUG_INFORMATION_FORMAT = "dwarf-with-dsym";
				ENABLE_NS_ASSERTIONS = NO;
				ENABLE_STRICT_OBJC_MSGSEND = YES;
				GCC_C_LANGUAGE_STANDARD = gnu11;
				GCC_NO_COMMON_BLOCKS = YES;
				GCC_WARN_64_TO_32_BIT_CONVERSION = YES;
				GCC_WARN_ABOUT_RETURN_TYPE = YES_ERROR;
				GCC_WARN_UNDECLARED_SELECTOR = YES;
				GCC_WARN_UNINITIALIZED_AUTOS = YES_AGGRESSIVE;
				GCC_WARN_UNUSED_FUNCTION = YES;
				GCC_WARN_UNUSED_VARIABLE = YES;
				IPHONEOS_DEPLOYMENT_TARGET = 8.0;
				MACOSX_DEPLOYMENT_TARGET = 10.10;
				MTL_ENABLE_DEBUG_INFO = NO;
				MTL_FAST_MATH = YES;
				SDKROOT = iphoneos;
				TVOS_DEPLOYMENT_TARGET = 9.0;
				VALIDATE_PRODUCT = YES;
				VERSIONING_SYSTEM = "apple-generic";
				VERSION_INFO_PREFIX = "";
				WATCHOS_DEPLOYMENT_TARGET = 2.0;
			};
			name = Release;
		};
		DDF7568822AA773D002E11D4 /* Debug */ = {
			isa = XCBuildConfiguration;
			buildSettings = {
				CODE_SIGN_IDENTITY = "";
				CODE_SIGN_STYLE = Automatic;
				DEFINES_MODULE = YES;
				DYLIB_COMPATIBILITY_VERSION = 1;
				DYLIB_CURRENT_VERSION = 1;
				DYLIB_INSTALL_NAME_BASE = "@rpath";
				INFOPLIST_FILE = KeyValueObservation/Info.plist;
				INSTALL_PATH = "$(LOCAL_LIBRARY_DIR)/Frameworks";
				LD_RUNPATH_SEARCH_PATHS = (
					"$(inherited)",
					"@executable_path/Frameworks",
					"@loader_path/Frameworks",
				);
				MODULEMAP_FILE = KeyValueObservation.modulemap;
				PRODUCT_BUNDLE_IDENTIFIER = com.somerandomiosdev.keyvalueobservation;
				PRODUCT_NAME = KeyValueObservation;
				SKIP_INSTALL = YES;
				TARGETED_DEVICE_FAMILY = "1,2";
			};
			name = Debug;
		};
		DDF7568922AA773D002E11D4 /* Release */ = {
			isa = XCBuildConfiguration;
			buildSettings = {
				CODE_SIGN_IDENTITY = "";
				CODE_SIGN_STYLE = Automatic;
				DEFINES_MODULE = YES;
				DYLIB_COMPATIBILITY_VERSION = 1;
				DYLIB_CURRENT_VERSION = 1;
				DYLIB_INSTALL_NAME_BASE = "@rpath";
				INFOPLIST_FILE = KeyValueObservation/Info.plist;
				INSTALL_PATH = "$(LOCAL_LIBRARY_DIR)/Frameworks";
				LD_RUNPATH_SEARCH_PATHS = (
					"$(inherited)",
					"@executable_path/Frameworks",
					"@loader_path/Frameworks",
				);
				MODULEMAP_FILE = KeyValueObservation.modulemap;
				PRODUCT_BUNDLE_IDENTIFIER = com.somerandomiosdev.keyvalueobservation;
				PRODUCT_NAME = KeyValueObservation;
				SKIP_INSTALL = YES;
				TARGETED_DEVICE_FAMILY = "1,2";
			};
			name = Release;
		};
		DDF7568B22AA773D002E11D4 /* Debug */ = {
			isa = XCBuildConfiguration;
			buildSettings = {
				CODE_SIGN_STYLE = Automatic;
				INFOPLIST_FILE = KeyValueObservationTests/Info.plist;
				LD_RUNPATH_SEARCH_PATHS = (
					"$(inherited)",
					"@executable_path/Frameworks",
					"@loader_path/Frameworks",
				);
				PRODUCT_BUNDLE_IDENTIFIER = com.somerandomiosdev.keyvalueobservationtests;
				PRODUCT_NAME = "$(TARGET_NAME)";
				TARGETED_DEVICE_FAMILY = "1,2";
			};
			name = Debug;
		};
		DDF7568C22AA773D002E11D4 /* Release */ = {
			isa = XCBuildConfiguration;
			buildSettings = {
				CODE_SIGN_STYLE = Automatic;
				INFOPLIST_FILE = KeyValueObservationTests/Info.plist;
				LD_RUNPATH_SEARCH_PATHS = (
					"$(inherited)",
					"@executable_path/Frameworks",
					"@loader_path/Frameworks",
				);
				PRODUCT_BUNDLE_IDENTIFIER = com.somerandomiosdev.keyvalueobservationtests;
				PRODUCT_NAME = "$(TARGET_NAME)";
				TARGETED_DEVICE_FAMILY = "1,2";
			};
			name = Release;
		};
		DDF756C622AA782D002E11D4 /* Debug */ = {
			isa = XCBuildConfiguration;
			buildSettings = {
				CODE_SIGN_IDENTITY = "-";
				CODE_SIGN_STYLE = Automatic;
				COMBINE_HIDPI_IMAGES = YES;
				DEFINES_MODULE = YES;
				DYLIB_COMPATIBILITY_VERSION = 1;
				DYLIB_CURRENT_VERSION = 1;
				DYLIB_INSTALL_NAME_BASE = "@rpath";
				FRAMEWORK_VERSION = A;
				INFOPLIST_FILE = KeyValueObservation/Info.plist;
				INSTALL_PATH = "$(LOCAL_LIBRARY_DIR)/Frameworks";
				LD_RUNPATH_SEARCH_PATHS = (
					"$(inherited)",
					"@executable_path/../Frameworks",
					"@loader_path/Frameworks",
				);
				MODULEMAP_FILE = KeyValueObservation.modulemap;
				PRODUCT_BUNDLE_IDENTIFIER = com.somerandomiosdev.keyvalueobservation;
				PRODUCT_NAME = KeyValueObservation;
				SDKROOT = macosx;
				SKIP_INSTALL = YES;
			};
			name = Debug;
		};
		DDF756C722AA782D002E11D4 /* Release */ = {
			isa = XCBuildConfiguration;
			buildSettings = {
				CODE_SIGN_IDENTITY = "-";
				CODE_SIGN_STYLE = Automatic;
				COMBINE_HIDPI_IMAGES = YES;
				DEFINES_MODULE = YES;
				DYLIB_COMPATIBILITY_VERSION = 1;
				DYLIB_CURRENT_VERSION = 1;
				DYLIB_INSTALL_NAME_BASE = "@rpath";
				FRAMEWORK_VERSION = A;
				INFOPLIST_FILE = KeyValueObservation/Info.plist;
				INSTALL_PATH = "$(LOCAL_LIBRARY_DIR)/Frameworks";
				LD_RUNPATH_SEARCH_PATHS = (
					"$(inherited)",
					"@executable_path/../Frameworks",
					"@loader_path/Frameworks",
				);
				MODULEMAP_FILE = KeyValueObservation.modulemap;
				PRODUCT_BUNDLE_IDENTIFIER = com.somerandomiosdev.keyvalueobservation;
				PRODUCT_NAME = KeyValueObservation;
				SDKROOT = macosx;
				SKIP_INSTALL = YES;
			};
			name = Release;
		};
		DDF756C922AA782D002E11D4 /* Debug */ = {
			isa = XCBuildConfiguration;
			buildSettings = {
				CODE_SIGN_IDENTITY = "-";
				CODE_SIGN_STYLE = Automatic;
				COMBINE_HIDPI_IMAGES = YES;
				INFOPLIST_FILE = KeyValueObservationTests/Info.plist;
				LD_RUNPATH_SEARCH_PATHS = (
					"$(inherited)",
					"@executable_path/../Frameworks",
					"@loader_path/../Frameworks",
				);
				MACOSX_DEPLOYMENT_TARGET = 10.14;
				PRODUCT_BUNDLE_IDENTIFIER = com.somerandomiosdev.keyvalueobservationtests;
				PRODUCT_NAME = "$(TARGET_NAME)";
				SDKROOT = macosx;
			};
			name = Debug;
		};
		DDF756CA22AA782D002E11D4 /* Release */ = {
			isa = XCBuildConfiguration;
			buildSettings = {
				CODE_SIGN_IDENTITY = "-";
				CODE_SIGN_STYLE = Automatic;
				COMBINE_HIDPI_IMAGES = YES;
				INFOPLIST_FILE = KeyValueObservationTests/Info.plist;
				LD_RUNPATH_SEARCH_PATHS = (
					"$(inherited)",
					"@executable_path/../Frameworks",
					"@loader_path/../Frameworks",
				);
				MACOSX_DEPLOYMENT_TARGET = 10.14;
				PRODUCT_BUNDLE_IDENTIFIER = com.somerandomiosdev.keyvalueobservationtests;
				PRODUCT_NAME = "$(TARGET_NAME)";
				SDKROOT = macosx;
			};
			name = Release;
		};
		DDF756E222AA7841002E11D4 /* Debug */ = {
			isa = XCBuildConfiguration;
			buildSettings = {
				CODE_SIGN_IDENTITY = "";
				CODE_SIGN_STYLE = Automatic;
				DEFINES_MODULE = YES;
				DYLIB_COMPATIBILITY_VERSION = 1;
				DYLIB_CURRENT_VERSION = 1;
				DYLIB_INSTALL_NAME_BASE = "@rpath";
				INFOPLIST_FILE = KeyValueObservation/Info.plist;
				INSTALL_PATH = "$(LOCAL_LIBRARY_DIR)/Frameworks";
				LD_RUNPATH_SEARCH_PATHS = (
					"$(inherited)",
					"@executable_path/Frameworks",
					"@loader_path/Frameworks",
				);
				MODULEMAP_FILE = KeyValueObservation.modulemap;
				PRODUCT_BUNDLE_IDENTIFIER = com.somerandomiosdev.keyvalueobservation;
				PRODUCT_NAME = KeyValueObservation;
				SDKROOT = appletvos;
				SKIP_INSTALL = YES;
				TARGETED_DEVICE_FAMILY = 3;
			};
			name = Debug;
		};
		DDF756E322AA7841002E11D4 /* Release */ = {
			isa = XCBuildConfiguration;
			buildSettings = {
				CODE_SIGN_IDENTITY = "";
				CODE_SIGN_STYLE = Automatic;
				DEFINES_MODULE = YES;
				DYLIB_COMPATIBILITY_VERSION = 1;
				DYLIB_CURRENT_VERSION = 1;
				DYLIB_INSTALL_NAME_BASE = "@rpath";
				INFOPLIST_FILE = KeyValueObservation/Info.plist;
				INSTALL_PATH = "$(LOCAL_LIBRARY_DIR)/Frameworks";
				LD_RUNPATH_SEARCH_PATHS = (
					"$(inherited)",
					"@executable_path/Frameworks",
					"@loader_path/Frameworks",
				);
				MODULEMAP_FILE = KeyValueObservation.modulemap;
				PRODUCT_BUNDLE_IDENTIFIER = com.somerandomiosdev.keyvalueobservation;
				PRODUCT_NAME = KeyValueObservation;
				SDKROOT = appletvos;
				SKIP_INSTALL = YES;
				TARGETED_DEVICE_FAMILY = 3;
			};
			name = Release;
		};
		DDF756E522AA7841002E11D4 /* Debug */ = {
			isa = XCBuildConfiguration;
			buildSettings = {
				CODE_SIGN_STYLE = Automatic;
				INFOPLIST_FILE = KeyValueObservationTests/Info.plist;
				LD_RUNPATH_SEARCH_PATHS = (
					"$(inherited)",
					"@executable_path/Frameworks",
					"@loader_path/Frameworks",
				);
				PRODUCT_BUNDLE_IDENTIFIER = com.somerandomiosdev.keyvalueobservationtests;
				PRODUCT_NAME = "$(TARGET_NAME)";
				SDKROOT = appletvos;
				TARGETED_DEVICE_FAMILY = 3;
				TVOS_DEPLOYMENT_TARGET = 12.2;
			};
			name = Debug;
		};
		DDF756E622AA7841002E11D4 /* Release */ = {
			isa = XCBuildConfiguration;
			buildSettings = {
				CODE_SIGN_STYLE = Automatic;
				INFOPLIST_FILE = KeyValueObservationTests/Info.plist;
				LD_RUNPATH_SEARCH_PATHS = (
					"$(inherited)",
					"@executable_path/Frameworks",
					"@loader_path/Frameworks",
				);
				PRODUCT_BUNDLE_IDENTIFIER = com.somerandomiosdev.keyvalueobservationtests;
				PRODUCT_NAME = "$(TARGET_NAME)";
				SDKROOT = appletvos;
				TARGETED_DEVICE_FAMILY = 3;
				TVOS_DEPLOYMENT_TARGET = 12.2;
			};
			name = Release;
		};
		DDF756F222AA7854002E11D4 /* Debug */ = {
			isa = XCBuildConfiguration;
			buildSettings = {
				APPLICATION_EXTENSION_API_ONLY = YES;
				CODE_SIGN_IDENTITY = "";
				CODE_SIGN_STYLE = Automatic;
				DEFINES_MODULE = YES;
				DYLIB_COMPATIBILITY_VERSION = 1;
				DYLIB_CURRENT_VERSION = 1;
				DYLIB_INSTALL_NAME_BASE = "@rpath";
				INFOPLIST_FILE = KeyValueObservation/Info.plist;
				INSTALL_PATH = "$(LOCAL_LIBRARY_DIR)/Frameworks";
				LD_RUNPATH_SEARCH_PATHS = (
					"$(inherited)",
					"@executable_path/Frameworks",
					"@loader_path/Frameworks",
				);
				MODULEMAP_FILE = KeyValueObservation.modulemap;
				PRODUCT_BUNDLE_IDENTIFIER = com.somerandomiosdev.keyvalueobservation;
				PRODUCT_NAME = KeyValueObservation;
				SDKROOT = watchos;
				SKIP_INSTALL = YES;
				TARGETED_DEVICE_FAMILY = 4;
			};
			name = Debug;
		};
		DDF756F322AA7854002E11D4 /* Release */ = {
			isa = XCBuildConfiguration;
			buildSettings = {
				APPLICATION_EXTENSION_API_ONLY = YES;
				CODE_SIGN_IDENTITY = "";
				CODE_SIGN_STYLE = Automatic;
				DEFINES_MODULE = YES;
				DYLIB_COMPATIBILITY_VERSION = 1;
				DYLIB_CURRENT_VERSION = 1;
				DYLIB_INSTALL_NAME_BASE = "@rpath";
				INFOPLIST_FILE = KeyValueObservation/Info.plist;
				INSTALL_PATH = "$(LOCAL_LIBRARY_DIR)/Frameworks";
				LD_RUNPATH_SEARCH_PATHS = (
					"$(inherited)",
					"@executable_path/Frameworks",
					"@loader_path/Frameworks",
				);
				MODULEMAP_FILE = KeyValueObservation.modulemap;
				PRODUCT_BUNDLE_IDENTIFIER = com.somerandomiosdev.keyvalueobservation;
				PRODUCT_NAME = KeyValueObservation;
				SDKROOT = watchos;
				SKIP_INSTALL = YES;
				TARGETED_DEVICE_FAMILY = 4;
			};
			name = Release;
		};
/* End XCBuildConfiguration section */

/* Begin XCConfigurationList section */
		DDF7566D22AA773D002E11D4 /* Build configuration list for PBXProject "KeyValueObservation" */ = {
			isa = XCConfigurationList;
			buildConfigurations = (
				DDF7568522AA773D002E11D4 /* Debug */,
				DDF7568622AA773D002E11D4 /* Release */,
			);
			defaultConfigurationIsVisible = 0;
			defaultConfigurationName = Release;
		};
		DDF7568722AA773D002E11D4 /* Build configuration list for PBXNativeTarget "KeyValueObservation" */ = {
			isa = XCConfigurationList;
			buildConfigurations = (
				DDF7568822AA773D002E11D4 /* Debug */,
				DDF7568922AA773D002E11D4 /* Release */,
			);
			defaultConfigurationIsVisible = 0;
			defaultConfigurationName = Release;
		};
		DDF7568A22AA773D002E11D4 /* Build configuration list for PBXNativeTarget "KeyValueObservationTests" */ = {
			isa = XCConfigurationList;
			buildConfigurations = (
				DDF7568B22AA773D002E11D4 /* Debug */,
				DDF7568C22AA773D002E11D4 /* Release */,
			);
			defaultConfigurationIsVisible = 0;
			defaultConfigurationName = Release;
		};
		DDF756C522AA782D002E11D4 /* Build configuration list for PBXNativeTarget "KeyValueObservation macOS" */ = {
			isa = XCConfigurationList;
			buildConfigurations = (
				DDF756C622AA782D002E11D4 /* Debug */,
				DDF756C722AA782D002E11D4 /* Release */,
			);
			defaultConfigurationIsVisible = 0;
			defaultConfigurationName = Release;
		};
		DDF756C822AA782D002E11D4 /* Build configuration list for PBXNativeTarget "KeyValueObservation macOS Tests" */ = {
			isa = XCConfigurationList;
			buildConfigurations = (
				DDF756C922AA782D002E11D4 /* Debug */,
				DDF756CA22AA782D002E11D4 /* Release */,
			);
			defaultConfigurationIsVisible = 0;
			defaultConfigurationName = Release;
		};
		DDF756E122AA7841002E11D4 /* Build configuration list for PBXNativeTarget "KeyValueObservation tvOS" */ = {
			isa = XCConfigurationList;
			buildConfigurations = (
				DDF756E222AA7841002E11D4 /* Debug */,
				DDF756E322AA7841002E11D4 /* Release */,
			);
			defaultConfigurationIsVisible = 0;
			defaultConfigurationName = Release;
		};
		DDF756E422AA7841002E11D4 /* Build configuration list for PBXNativeTarget "KeyValueObservation tvOS Tests" */ = {
			isa = XCConfigurationList;
			buildConfigurations = (
				DDF756E522AA7841002E11D4 /* Debug */,
				DDF756E622AA7841002E11D4 /* Release */,
			);
			defaultConfigurationIsVisible = 0;
			defaultConfigurationName = Release;
		};
		DDF756F122AA7854002E11D4 /* Build configuration list for PBXNativeTarget "KeyValueObservation watchOS" */ = {
			isa = XCConfigurationList;
			buildConfigurations = (
				DDF756F222AA7854002E11D4 /* Debug */,
				DDF756F322AA7854002E11D4 /* Release */,
			);
			defaultConfigurationIsVisible = 0;
			defaultConfigurationName = Release;
		};
/* End XCConfigurationList section */
	};
	rootObject = DDF7566A22AA773D002E11D4 /* Project object */;
}
